
Microsoft Visual Studio Solution File, Format Version 12.00
# Visual Studio 15
VisualStudioVersion = 15.0.28307.136
MinimumVisualStudioVersion = 10.0.40219.1
Project("{888888A0-9F3D-457C-B088-3A5042F75D52}") = "FakeDataCreator", "FakeDataCreator\FakeDataCreator.pyproj", "{370261AC-B802-4443-BA1A-371ACECA4A10}"
EndProject
Global
	GlobalSection(SolutionConfigurationPlatforms) = preSolution
		Debug|Any CPU = Debug|Any CPU
		Release|Any CPU = Release|Any CPU
	EndGlobalSection
	GlobalSection(ProjectConfigurationPlatforms) = postSolution
		{370261AC-B802-4443-BA1A-371ACECA4A10}.Debug|Any CPU.ActiveCfg = Debug|Any CPU
		{370261AC-B802-4443-BA1A-371ACECA4A10}.Release|Any CPU.ActiveCfg = Release|Any CPU
	EndGlobalSection
	GlobalSection(SolutionProperties) = preSolution
		HideSolutionNode = FALSE
	EndGlobalSection
	GlobalSection(ExtensibilityGlobals) = postSolution
		SolutionGuid = {654860A8-E0DF-47D1-86BB-944FBA651B74}
	EndGlobalSection
EndGlobal
